<?xml version="1.0" encoding="utf-8"?>
<Project ToolsVersion="4.0" xmlns="http://schemas.microsoft.com/developer/msbuild/2003">
  <ItemGroup>
    <Filter Include="Source Files">
      <UniqueIdentifier>{4FC737F1-C7A5-4376-A066-2A32D752A2FF}</UniqueIdentifier>
      <Extensions>cpp;c;cc;cxx;c++;cppm;ixx;def;odl;idl;hpj;bat;asm;asmx</Extensions>
    </Filter>
    <Filter Include="Resource Files">
      <UniqueIdentifier>{67DA6AB6-F800-4c08-8B7A-83BB121AAD01}</UniqueIdentifier>
      <Extensions>rc;ico;cur;bmp;dlg;rc2;rct;bin;rgs;gif;jpg;jpeg;jpe;resx;tiff;tif;png;wav;mfcribbon-ms</Extensions>
    </Filter>
    <Filter Include="Source Files\01. Main">
      <UniqueIdentifier>{6b6a0b8f-9f9a-41a0-948d-7fb28f62a692}</UniqueIdentifier>
    </Filter>
    <Filter Include="Source Files\99. Header">
      <UniqueIdentifier>{d95ce018-0637-47ca-b938-286c35c1a357}</UniqueIdentifier>
    </Filter>
    <Filter Include="Source Files\99. Header\Andromeda">
      <UniqueIdentifier>{f47c4f3d-0eb6-4d0b-8ace-bb121e33a753}</UniqueIdentifier>
    </Filter>
    <Filter Include="Source Files\98. Shaders">
      <UniqueIdentifier>{0e6fd30c-af98-4ad6-bbe8-fa874a59d6e1}</UniqueIdentifier>
    </Filter>
    <Filter Include="Source Files\99. Header\Utils">
      <UniqueIdentifier>{2161ea04-b200-412c-b314-3a49c9f7a13c}</UniqueIdentifier>
    </Filter>
    <Filter Include="Source Files\00. Engine">
      <UniqueIdentifier>{c99c20ac-60d8-473c-8a03-ac37568ffda3}</UniqueIdentifier>
    </Filter>
    <Filter Include="Source Files\00. Engine\Pipeline">
      <UniqueIdentifier>{f1eda65e-e863-4a56-b80a-dd06f144397f}</UniqueIdentifier>
    </Filter>
    <Filter Include="Source Files\00. Engine\Pipeline\00. Geometry">
      <UniqueIdentifier>{7cfd83bb-5f17-4821-b685-e10703c203a9}</UniqueIdentifier>
    </Filter>
    <Filter Include="Source Files\00. Engine\Pipeline\01. InputAssembler">
      <UniqueIdentifier>{135a53b5-5593-459c-ae33-5728368238de}</UniqueIdentifier>
    </Filter>
    <Filter Include="Source Files\00. Engine\Pipeline\02. VertexShader">
      <UniqueIdentifier>{da8b2d82-bde1-4de2-a936-96dd4e247edd}</UniqueIdentifier>
    </Filter>
    <Filter Include="Source Files\00. Engine\Pipeline\03. Rasterizer">
      <UniqueIdentifier>{697fb51b-8379-4e63-8c2e-a8895716f6a4}</UniqueIdentifier>
    </Filter>
    <Filter Include="Source Files\00. Engine\Pipeline\04. PixelShader">
      <UniqueIdentifier>{b67ca781-0b53-4df8-b7e8-ded1eb8ef635}</UniqueIdentifier>
    </Filter>
    <Filter Include="Source Files\00. Engine\Pipeline\05. OutputMerge">
      <UniqueIdentifier>{78b2ca26-018c-46bc-9f7d-c8359a6f3157}</UniqueIdentifier>
    </Filter>
    <Filter Include="Source Files\00. Engine\GameObject">
      <UniqueIdentifier>{2ab914e9-e21e-41f9-9501-de550fb52705}</UniqueIdentifier>
    </Filter>
    <Filter Include="Source Files\00. Engine\Component">
      <UniqueIdentifier>{6e3df221-5253-47e4-aadb-0696de12f73f}</UniqueIdentifier>
    </Filter>
  </ItemGroup>
  <ItemGroup>
    <ClInclude Include="targetver.h">
      <Filter>Source Files\99. Header\Andromeda</Filter>
    </ClInclude>
    <ClInclude Include="Resource.h">
      <Filter>Source Files\99. Header\Andromeda</Filter>
    </ClInclude>
    <ClInclude Include="framework.h">
      <Filter>Source Files\99. Header\Andromeda</Filter>
    </ClInclude>
    <ClInclude Include="pch.h">
      <Filter>Source Files\99. Header</Filter>
    </ClInclude>
    <ClInclude Include="GameCoding.h">
      <Filter>Source Files\01. Main</Filter>
    </ClInclude>
    <ClInclude Include="Values.h">
      <Filter>Source Files\99. Header</Filter>
    </ClInclude>
    <ClInclude Include="Struct.h">
      <Filter>Source Files\99. Header</Filter>
    </ClInclude>
    <ClInclude Include="Types.h">
      <Filter>Source Files\99. Header</Filter>
    </ClInclude>
    <ClInclude Include="Game.h">
      <Filter>Source Files\01. Main</Filter>
    </ClInclude>
    <ClInclude Include="SimpleMath.h">
      <Filter>Source Files\99. Header\Utils</Filter>
    </ClInclude>
    <ClInclude Include="Graphics.h">
      <Filter>Source Files\00. Engine\Pipeline</Filter>
    </ClInclude>
    <ClInclude Include="IndexBuffer.h">
      <Filter>Source Files\00. Engine\Pipeline\01. InputAssembler</Filter>
    </ClInclude>
    <ClInclude Include="InputLayout.h">
      <Filter>Source Files\00. Engine\Pipeline\01. InputAssembler</Filter>
    </ClInclude>
    <ClInclude Include="VertexBuffer.h">
      <Filter>Source Files\00. Engine\Pipeline\01. InputAssembler</Filter>
    </ClInclude>
    <ClInclude Include="VertexData.h">
      <Filter>Source Files\00. Engine\Pipeline\00. Geometry</Filter>
    </ClInclude>
    <ClInclude Include="Geometry.h">
      <Filter>Source Files\00. Engine\Pipeline\00. Geometry</Filter>
    </ClInclude>
    <ClInclude Include="GeometryHelper.h">
      <Filter>Source Files\00. Engine\Pipeline\00. Geometry</Filter>
    </ClInclude>
    <ClInclude Include="Shader.h">
      <Filter>Source Files\00. Engine\Pipeline\02. VertexShader</Filter>
    </ClInclude>
    <ClInclude Include="ConstantBuffer.h">
      <Filter>Source Files\00. Engine\Pipeline\02. VertexShader</Filter>
    </ClInclude>
    <ClInclude Include="Texture.h">
      <Filter>Source Files\00. Engine\Pipeline\04. PixelShader</Filter>
    </ClInclude>
    <ClInclude Include="RasterizerState.h">
      <Filter>Source Files\00. Engine\Pipeline\03. Rasterizer</Filter>
    </ClInclude>
    <ClInclude Include="SamplerState.h">
      <Filter>Source Files\00. Engine\Pipeline\04. PixelShader</Filter>
    </ClInclude>
    <ClInclude Include="BlendState.h">
      <Filter>Source Files\00. Engine\Pipeline\05. OutputMerge</Filter>
    </ClInclude>
    <ClInclude Include="Pipeline.h">
      <Filter>Source Files\00. Engine\Pipeline</Filter>
    </ClInclude>
    <ClInclude Include="GameObject.h">
      <Filter>Source Files\00. Engine\GameObject</Filter>
    </ClInclude>
    <ClInclude Include="Component.h">
      <Filter>Source Files\00. Engine\Component</Filter>
    </ClInclude>
    <ClInclude Include="Transform.h">
      <Filter>Source Files\00. Engine\Component</Filter>
    </ClInclude>
  </ItemGroup>
  <ItemGroup>
    <ResourceCompile Include="GameCoding.rc">
      <Filter>Resource Files</Filter>
    </ResourceCompile>
  </ItemGroup>
  <ItemGroup>
    <Image Include="small.ico">
      <Filter>Resource Files</Filter>
    </Image>
    <Image Include="GameCoding.ico">
      <Filter>Resource Files</Filter>
    </Image>
  </ItemGroup>
  <ItemGroup>
    <ClCompile Include="GameCoding.cpp">
      <Filter>Source Files\01. Main</Filter>
    </ClCompile>
    <ClCompile Include="pch.cpp">
      <Filter>Source Files\99. Header</Filter>
    </ClCompile>
    <ClCompile Include="Game.cpp">
      <Filter>Source Files\01. Main</Filter>
    </ClCompile>
    <ClCompile Include="SimpleMath.cpp">
      <Filter>Source Files\99. Header\Utils</Filter>
    </ClCompile>
    <ClCompile Include="IndexBuffer.cpp">
      <Filter>Source Files\00. Engine\Pipeline\01. InputAssembler</Filter>
    </ClCompile>
    <ClCompile Include="InputLayout.cpp">
      <Filter>Source Files\00. Engine\Pipeline\01. InputAssembler</Filter>
    </ClCompile>
    <ClCompile Include="VertexBuffer.cpp">
      <Filter>Source Files\00. Engine\Pipeline\01. InputAssembler</Filter>
    </ClCompile>
    <ClCompile Include="VertexData.cpp">
      <Filter>Source Files\00. Engine\Pipeline\00. Geometry</Filter>
    </ClCompile>
    <ClCompile Include="Geometry.cpp">
      <Filter>Source Files\00. Engine\Pipeline\00. Geometry</Filter>
    </ClCompile>
    <ClCompile Include="GeometryHelper.cpp">
      <Filter>Source Files\00. Engine\Pipeline\00. Geometry</Filter>
    </ClCompile>
    <ClCompile Include="Shader.cpp">
      <Filter>Source Files\00. Engine\Pipeline\02. VertexShader</Filter>
    </ClCompile>
    <ClCompile Include="ConstantBuffer.cpp">
      <Filter>Source Files\00. Engine\Pipeline\02. VertexShader</Filter>
    </ClCompile>
    <ClCompile Include="Texture.cpp">
      <Filter>Source Files\00. Engine\Pipeline\04. PixelShader</Filter>
    </ClCompile>
    <ClCompile Include="RasterizerState.cpp">
      <Filter>Source Files\00. Engine\Pipeline\03. Rasterizer</Filter>
    </ClCompile>
    <ClCompile Include="SamplerState.cpp">
      <Filter>Source Files\00. Engine\Pipeline\04. PixelShader</Filter>
    </ClCompile>
    <ClCompile Include="BlendState.cpp">
      <Filter>Source Files\00. Engine\Pipeline\05. OutputMerge</Filter>
    </ClCompile>
    <ClCompile Include="Pipeline.cpp">
      <Filter>Source Files\00. Engine\Pipeline</Filter>
    </ClCompile>
    <ClCompile Include="GameObject.cpp">
      <Filter>Source Files\00. Engine\GameObject</Filter>
    </ClCompile>
    <ClCompile Include="Graphics.cpp">
      <Filter>Source Files\00. Engine</Filter>
    </ClCompile>
    <ClCompile Include="Component.cpp">
      <Filter>Source Files\00. Engine\Component</Filter>
    </ClCompile>
    <ClCompile Include="Transform.cpp">
      <Filter>Source Files\00. Engine\Component</Filter>
    </ClCompile>
  </ItemGroup>
  <ItemGroup>
    <FxCompile Include="Default.hlsl">
      <Filter>Source Files\98. Shaders</Filter>
    </FxCompile>
    <FxCompile Include="Color.hlsl">
      <Filter>Source Files\98. Shaders</Filter>
    </FxCompile>
  </ItemGroup>
  <ItemGroup>
    <None Include="SimpleMath.inl">
      <Filter>Source Files\99. Header\Utils</Filter>
    </None>
  </ItemGroup>
</Project>